
Microsoft Visual Studio Solution File, Format Version 12.00
# Visual Studio Version 17
VisualStudioVersion = 17.10.34607.79
MinimumVisualStudioVersion = 10.0.40219.1
Project("{888888A0-9F3D-457C-B088-3A5042F75D52}") = "BoothListManager", "BoothListManager\BoothListManager.pyproj", "{99896B17-BB7B-4AF0-A4BB-CE44F9999F66}"
EndProject
Global
	GlobalSection(SolutionConfigurationPlatforms) = preSolution
		Debug|Any CPU = Debug|Any CPU
		Release|Any CPU = Release|Any CPU
	EndGlobalSection
	GlobalSection(ProjectConfigurationPlatforms) = postSolution
		{99896B17-BB7B-4AF0-A4BB-CE44F9999F66}.Debug|Any CPU.ActiveCfg = Debug|Any CPU
		{99896B17-BB7B-4AF0-A4BB-CE44F9999F66}.Release|Any CPU.ActiveCfg = Release|Any CPU
	EndGlobalSection
	GlobalSection(SolutionProperties) = preSolution
		HideSolutionNode = FALSE
	EndGlobalSection
	GlobalSection(ExtensibilityGlobals) = postSolution
		SolutionGuid = {D295F8F0-3855-4FE7-BE72-C98D80C764F3}
	EndGlobalSection
EndGlobal
